dependencies:
  espressif/onewire_bus:
    component_hash: 5a4a0788e83d57f9ec31b0e2579164f6bf6a63f3e1908c3d60699abbc63eb132
    dependencies:
    - name: idf
      require: private
      version: '>=5.0'
    source:
      registry_url: https://components.espressif.com/
      type: service
    version: 1.0.3
  idf:
    source:
      type: idf
    version: 5.1.3
direct_dependencies:
- espressif/onewire_bus
manifest_hash: 88b9dfe9cea488201a4cfe7f14984fd23dc0634f7569dc28758f56dd4a845675
target: esp32
version: 2.0.0
